
Microsoft Visual Studio Solution File, Format Version 12.00
# Visual Studio Version 17
VisualStudioVersion = 17.10.34916.146
MinimumVisualStudioVersion = 10.0.40219.1
Project("{FAE04EC0-301F-11D3-BF4B-00C04F79EFBC}") = "calculator", "calculator\calculator.csproj", "{8185CF7E-70CC-4B44-9D7D-910518EEB0DD}"
EndProject
Global
	GlobalSection(SolutionConfigurationPlatforms) = preSolution
		Debug|Any CPU = Debug|Any CPU
		Release|Any CPU = Release|Any CPU
	EndGlobalSection
	GlobalSection(ProjectConfigurationPlatforms) = postSolution
		{8185CF7E-70CC-4B44-9D7D-910518EEB0DD}.Debug|Any CPU.ActiveCfg = Debug|Any CPU
		{8185CF7E-70CC-4B44-9D7D-910518EEB0DD}.Debug|Any CPU.Build.0 = Debug|Any CPU
		{8185CF7E-70CC-4B44-9D7D-910518EEB0DD}.Release|Any CPU.ActiveCfg = Release|Any CPU
		{8185CF7E-70CC-4B44-9D7D-910518EEB0DD}.Release|Any CPU.Build.0 = Release|Any CPU
	EndGlobalSection
	GlobalSection(SolutionProperties) = preSolution
		HideSolutionNode = FALSE
	EndGlobalSection
	GlobalSection(ExtensibilityGlobals) = postSolution
		SolutionGuid = {55DCCEEA-6FB9-419E-BE37-FE795300B216}
	EndGlobalSection
EndGlobal
